// !$*UTF8*$!
{
	archiveVersion = 1;
	classes = {
	};
	objectVersion = 56;
	objects = {

/* Begin PBXBuildFile section */
		FCB3FEC22B7A9EAE00E39BDF /* AppDelegate.swift in Sources */ = {isa = PBXBuildFile; fileRef = FCB3FEC12B7A9EAE00E39BDF /* AppDelegate.swift */; };
		FCB3FEC42B7A9EAE00E39BDF /* SceneDelegate.swift in Sources */ = {isa = PBXBuildFile; fileRef = FCB3FEC32B7A9EAE00E39BDF /* SceneDelegate.swift */; };
		FCB3FEC62B7A9EAE00E39BDF /* ViewController.swift in Sources */ = {isa = PBXBuildFile; fileRef = FCB3FEC52B7A9EAE00E39BDF /* ViewController.swift */; };
		FCB3FEC92B7A9EAE00E39BDF /* Main.storyboard in Resources */ = {isa = PBXBuildFile; fileRef = FCB3FEC72B7A9EAE00E39BDF /* Main.storyboard */; };
		FCB3FECB2B7A9EB000E39BDF /* Assets.xcassets in Resources */ = {isa = PBXBuildFile; fileRef = FCB3FECA2B7A9EB000E39BDF /* Assets.xcassets */; };
		FCB3FECE2B7A9EB000E39BDF /* LaunchScreen.storyboard in Resources */ = {isa = PBXBuildFile; fileRef = FCB3FECC2B7A9EB000E39BDF /* LaunchScreen.storyboard */; };
		FCB3FED62B7AA05F00E39BDF /* screen2ViewController.swift in Sources */ = {isa = PBXBuildFile; fileRef = FCB3FED52B7AA05F00E39BDF /* screen2ViewController.swift */; };
		FCB3FED82B7AA38900E39BDF /* screen3ViewController.swift in Sources */ = {isa = PBXBuildFile; fileRef = FCB3FED72B7AA38900E39BDF /* screen3ViewController.swift */; };
/* End PBXBuildFile section */

/* Begin PBXFileReference section */
		FCB3FEBE2B7A9EAE00E39BDF /* navigatorDemo.app */ = {isa = PBXFileReference; explicitFileType = wrapper.application; includeInIndex = 0; path = navigatorDemo.app; sourceTree = BUILT_PRODUCTS_DIR; };
		FCB3FEC12B7A9EAE00E39BDF /* AppDelegate.swift */ = {isa = PBXFileReference; lastKnownFileType = sourcecode.swift; path = AppDelegate.swift; sourceTree = "<group>"; };
		FCB3FEC32B7A9EAE00E39BDF /* SceneDelegate.swift */ = {isa = PBXFileReference; lastKnownFileType = sourcecode.swift; path = SceneDelegate.swift; sourceTree = "<group>"; };
		FCB3FEC52B7A9EAE00E39BDF /* ViewController.swift */ = {isa = PBXFileReference; lastKnownFileType = sourcecode.swift; path = ViewController.swift; sourceTree = "<group>"; };
		FCB3FEC82B7A9EAE00E39BDF /* Base */ = {isa = PBXFileReference; lastKnownFileType = file.storyboard; name = Base; path = Base.lproj/Main.storyboard; sourceTree = "<group>"; };
		FCB3FECA2B7A9EB000E39BDF /* Assets.xcassets */ = {isa = PBXFileReference; lastKnownFileType = folder.assetcatalog; path = Assets.xcassets; sourceTree = "<group>"; };
		FCB3FECD2B7A9EB000E39BDF /* Base */ = {isa = PBXFileReference; lastKnownFileType = file.storyboard; name = Base; path = Base.lproj/LaunchScreen.storyboard; sourceTree = "<group>"; };
		FCB3FECF2B7A9EB000E39BDF /* Info.plist */ = {isa = PBXFileReference; lastKnownFileType = text.plist.xml; path = Info.plist; sourceTree = "<group>"; };
		FCB3FED52B7AA05F00E39BDF /* screen2ViewController.swift */ = {isa = PBXFileReference; lastKnownFileType = sourcecode.swift; path = screen2ViewController.swift; sourceTree = "<group>"; };
		FCB3FED72B7AA38900E39BDF /* screen3ViewController.swift */ = {isa = PBXFileReference; lastKnownFileType = sourcecode.swift; path = screen3ViewController.swift; sourceTree = "<group>"; };
/* End PBXFileReference section */

/* Begin PBXFrameworksBuildPhase section */
		FCB3FEBB2B7A9EAE00E39BDF /* Frameworks */ = {
			isa = PBXFrameworksBuildPhase;
			buildActionMask = 2147483647;
			files = (
			);
			runOnlyForDeploymentPostprocessing = 0;
		};
/* End PBXFrameworksBuildPhase section */

/* Begin PBXGroup section */
		FCB3FEB52B7A9EAD00E39BDF = {
			isa = PBXGroup;
			children = (
				FCB3FEC02B7A9EAE00E39BDF /* navigatorDemo */,
				FCB3FEBF2B7A9EAE00E39BDF /* Products */,
			);
			sourceTree = "<group>";
		};
		FCB3FEBF2B7A9EAE00E39BDF /* Products */ = {
			isa = PBXGroup;
			children = (
				FCB3FEBE2B7A9EAE00E39BDF /* navigatorDemo.app */,
			);
			name = Products;
			sourceTree = "<group>";
		};
		FCB3FEC02B7A9EAE00E39BDF /* navigatorDemo */ = {
			isa = PBXGroup;
			children = (
				FCB3FEC12B7A9EAE00E39BDF /* AppDelegate.swift */,
				FCB3FEC32B7A9EAE00E39BDF /* SceneDelegate.swift */,
				FCB3FEC52B7A9EAE00E39BDF /* ViewController.swift */,
				FCB3FEC72B7A9EAE00E39BDF /* Main.storyboard */,
				FCB3FECA2B7A9EB000E39BDF /* Assets.xcassets */,
				FCB3FECC2B7A9EB000E39BDF /* LaunchScreen.storyboard */,
				FCB3FECF2B7A9EB000E39BDF /* Info.plist */,
				FCB3FED52B7AA05F00E39BDF /* screen2ViewController.swift */,
				FCB3FED72B7AA38900E39BDF /* screen3ViewController.swift */,
			);
			path = navigatorDemo;
			sourceTree = "<group>";
		};
/* End PBXGroup section */

/* Begin PBXNativeTarget section */
		FCB3FEBD2B7A9EAE00E39BDF /* navigatorDemo */ = {
			isa = PBXNativeTarget;
			buildConfigurationList = FCB3FED22B7A9EB000E39BDF /* Build configuration list for PBXNativeTarget "navigatorDemo" */;
			buildPhases = (
				FCB3FEBA2B7A9EAE00E39BDF /* Sources */,
				FCB3FEBB2B7A9EAE00E39BDF /* Frameworks */,
				FCB3FEBC2B7A9EAE00E39BDF /* Resources */,
			);
			buildRules = (
			);
			dependencies = (
			);
			name = navigatorDemo;
			productName = navigatorDemo;
			productReference = FCB3FEBE2B7A9EAE00E39BDF /* navigatorDemo.app */;
			productType = "com.apple.product-type.application";
		};
/* End PBXNativeTarget section */

/* Begin PBXProject section */
		FCB3FEB62B7A9EAD00E39BDF /* Project object */ = {
			isa = PBXProject;
			attributes = {
				BuildIndependentTargetsInParallel = 1;
				LastSwiftUpdateCheck = 1520;
				LastUpgradeCheck = 1520;
				TargetAttributes = {
					FCB3FEBD2B7A9EAE00E39BDF = {
						CreatedOnToolsVersion = 15.2;
					};
				};
			};
			buildConfigurationList = FCB3FEB92B7A9EAE00E39BDF /* Build configuration list for PBXProject "navigatorDemo" */;
			compatibilityVersion = "Xcode 14.0";
			developmentRegion = en;
			hasScannedForEncodings = 0;
			knownRegions = (
				en,
				Base,
			);
			mainGroup = FCB3FEB52B7A9EAD00E39BDF;
			productRefGroup = FCB3FEBF2B7A9EAE00E39BDF /* Products */;
			projectDirPath = "";
			projectRoot = "";
			targets = (
				FCB3FEBD2B7A9EAE00E39BDF /* navigatorDemo */,
			);
		};
/* End PBXProject section */

/* Begin PBXResourcesBuildPhase section */
		FCB3FEBC2B7A9EAE00E39BDF /* Resources */ = {
			isa = PBXResourcesBuildPhase;
			buildActionMask = 2147483647;
			files = (
				FCB3FECE2B7A9EB000E39BDF /* LaunchScreen.storyboard in Resources */,
				FCB3FECB2B7A9EB000E39BDF /* Assets.xcassets in Resources */,
				FCB3FEC92B7A9EAE00E39BDF /* Main.storyboard in Resources */,
			);
			runOnlyForDeploymentPostprocessing = 0;
		};
/* End PBXResourcesBuildPhase section */

/* Begin PBXSourcesBuildPhase section */
		FCB3FEBA2B7A9EAE00E39BDF /* Sources */ = {
			isa = PBXSourcesBuildPhase;
			buildActionMask = 2147483647;
			files = (
				FCB3FEC62B7A9EAE00E39BDF /* ViewController.swift in Sources */,
				FCB3FED82B7AA38900E39BDF /* screen3ViewController.swift in Sources */,
				FCB3FEC22B7A9EAE00E39BDF /* AppDelegate.swift in Sources */,
				FCB3FEC42B7A9EAE00E39BDF /* SceneDelegate.swift in Sources */,
				FCB3FED62B7AA05F00E39BDF /* screen2ViewController.swift in Sources */,
			);
			runOnlyForDeploymentPostprocessing = 0;
		};
/* End PBXSourcesBuildPhase section */

/* Begin PBXVariantGroup section */
		FCB3FEC72B7A9EAE00E39BDF /* Main.storyboard */ = {
			isa = PBXVariantGroup;
			children = (
				FCB3FEC82B7A9EAE00E39BDF /* Base */,
			);
			name = Main.storyboard;
			sourceTree = "<group>";
		};
		FCB3FECC2B7A9EB000E39BDF /* LaunchScreen.storyboard */ = {
			isa = PBXVariantGroup;
			children = (
				FCB3FECD2B7A9EB000E39BDF /* Base */,
			);
			name = LaunchScreen.storyboard;
			sourceTree = "<group>";
		};
/* End PBXVariantGroup section */

/* Begin XCBuildConfiguration section */
		FCB3FED02B7A9EB000E39BDF /* Debug */ = {
			isa = XCBuildConfiguration;
			buildSettings = {
				ALWAYS_SEARCH_USER_PATHS = NO;
				ASSETCATALOG_COMPILER_GENERATE_SWIFT_ASSET_SYMBOL_EXTENSIONS = YES;
				CLANG_ANALYZER_NONNULL = YES;
				CLANG_ANALYZER_NUMBER_OBJECT_CONVERSION = YES_AGGRESSIVE;
				CLANG_CXX_LANGUAGE_STANDARD = "gnu++20";
				CLANG_ENABLE_MODULES = YES;
				CLANG_ENABLE_OBJC_ARC = YES;
				CLANG_ENABLE_OBJC_WEAK = YES;
				CLANG_WARN_BLOCK_CAPTURE_AUTORELEASING = YES;
				CLANG_WARN_BOOL_CONVERSION = YES;
				CLANG_WARN_COMMA = YES;
				CLANG_WARN_CONSTANT_CONVERSION = YES;
				CLANG_WARN_DEPRECATED_OBJC_IMPLEMENTATIONS = YES;
				CLANG_WARN_DIRECT_OBJC_ISA_USAGE = YES_ERROR;
				CLANG_WARN_DOCUMENTATION_COMMENTS = YES;
				CLANG_WARN_EMPTY_BODY = YES;
				CLANG_WARN_ENUM_CONVERSION = YES;
				CLANG_WARN_INFINITE_RECURSION = YES;
				CLANG_WARN_INT_CONVERSION = YES;
				CLANG_WARN_NON_LITERAL_NULL_CONVERSION = YES;
				CLANG_WARN_OBJC_IMPLICIT_RETAIN_SELF = YES;
				CLANG_WARN_OBJC_LITERAL_CONVERSION = YES;
				CLANG_WARN_OBJC_ROOT_CLASS = YES_ERROR;
				CLANG_WARN_QUOTED_INCLUDE_IN_FRAMEWORK_HEADER = YES;
				CLANG_WARN_RANGE_LOOP_ANALYSIS = YES;
				CLANG_WARN_STRICT_PROTOTYPES = YES;
				CLANG_WARN_SUSPICIOUS_MOVE = YES;
				CLANG_WARN_UNGUARDED_AVAILABILITY = YES_AGGRESSIVE;
				CLANG_WARN_UNREACHABLE_CODE = YES;
				CLANG_WARN__DUPLICATE_METHOD_MATCH = YES;
				COPY_PHASE_STRIP = NO;
				DEBUG_INFORMATION_FORMAT = dwarf;
				ENABLE_STRICT_OBJC_MSGSEND = YES;
				ENABLE_TESTABILITY = YES;
				ENABLE_USER_SCRIPT_SANDBOXING = YES;
				GCC_C_LANGUAGE_STANDARD = gnu17;
				GCC_DYNAMIC_NO_PIC = NO;
				GCC_NO_COMMON_BLOCKS = YES;
				GCC_OPTIMIZATION_LEVEL = 0;
				GCC_PREPROCESSOR_DEFINITIONS = (
					"DEBUG=1",
					"$(inherited)",
				);
				GCC_WARN_64_TO_32_BIT_CONVERSION = YES;
				GCC_WARN_ABOUT_RETURN_TYPE = YES_ERROR;
				GCC_WARN_UNDECLARED_SELECTOR = YES;
				GCC_WARN_UNINITIALIZED_AUTOS = YES_AGGRESSIVE;
				GCC_WARN_UNUSED_FUNCTION = YES;
				GCC_WARN_UNUSED_VARIABLE = YES;
				IPHONEOS_DEPLOYMENT_TARGET = 17.2;
				LOCALIZATION_PREFERS_STRING_CATALOGS = YES;
				MTL_ENABLE_DEBUG_INFO = INCLUDE_SOURCE;
				MTL_FAST_MATH = YES;
				ONLY_ACTIVE_ARCH = YES;
				SDKROOT = iphoneos;
				SWIFT_ACTIVE_COMPILATION_CONDITIONS = "DEBUG $(inherited)";
				SWIFT_OPTIMIZATION_LEVEL = "-Onone";
			};
			name = Debug;
		};
		FCB3FED12B7A9EB000E39BDF /* Release */ = {
			isa = XCBuildConfiguration;
			buildSettings = {
				ALWAYS_SEARCH_USER_PATHS = NO;
				ASSETCATALOG_COMPILER_GENERATE_SWIFT_ASSET_SYMBOL_EXTENSIONS = YES;
				CLANG_ANALYZER_NONNULL = YES;
				CLANG_ANALYZER_NUMBER_OBJECT_CONVERSION = YES_AGGRESSIVE;
				CLANG_CXX_LANGUAGE_STANDARD = "gnu++20";
				CLANG_ENABLE_MODULES = YES;
				CLANG_ENABLE_OBJC_ARC = YES;
				CLANG_ENABLE_OBJC_WEAK = YES;
				CLANG_WARN_BLOCK_CAPTURE_AUTORELEASING = YES;
				CLANG_WARN_BOOL_CONVERSION = YES;
				CLANG_WARN_COMMA = YES;
				CLANG_WARN_CONSTANT_CONVERSION = YES;
				CLANG_WARN_DEPRECATED_OBJC_IMPLEMENTATIONS = YES;
				CLANG_WARN_DIRECT_OBJC_ISA_USAGE = YES_ERROR;
				CLANG_WARN_DOCUMENTATION_COMMENTS = YES;
				CLANG_WARN_EMPTY_BODY = YES;
				CLANG_WARN_ENUM_CONVERSION = YES;
				CLANG_WARN_INFINITE_RECURSION = YES;
				CLANG_WARN_INT_CONVERSION = YES;
				CLANG_WARN_NON_LITERAL_NULL_CONVERSION = YES;
				CLANG_WARN_OBJC_IMPLICIT_RETAIN_SELF = YES;
				CLANG_WARN_OBJC_LITERAL_CONVERSION = YES;
				CLANG_WARN_OBJC_ROOT_CLASS = YES_ERROR;
				CLANG_WARN_QUOTED_INCLUDE_IN_FRAMEWORK_HEADER = YES;
				CLANG_WARN_RANGE_LOOP_ANALYSIS = YES;
				CLANG_WARN_STRICT_PROTOTYPES = YES;
				CLANG_WARN_SUSPICIOUS_MOVE = YES;
				CLANG_WARN_UNGUARDED_AVAILABILITY = YES_AGGRESSIVE;
				CLANG_WARN_UNREACHABLE_CODE = YES;
				CLANG_WARN__DUPLICATE_METHOD_MATCH = YES;
				COPY_PHASE_STRIP = NO;
				DEBUG_INFORMATION_FORMAT = "dwarf-with-dsym";
				ENABLE_NS_ASSERTIONS = NO;
				ENABLE_STRICT_OBJC_MSGSEND = YES;
				ENABLE_USER_SCRIPT_SANDBOXING = YES;
				GCC_C_LANGUAGE_STANDARD = gnu17;
				GCC_NO_COMMON_BLOCKS = YES;
				GCC_WARN_64_TO_32_BIT_CONVERSION = YES;
				GCC_WARN_ABOUT_RETURN_TYPE = YES_ERROR;
				GCC_WARN_UNDECLARED_SELECTOR = YES;
				GCC_WARN_UNINITIALIZED_AUTOS = YES_AGGRESSIVE;
				GCC_WARN_UNUSED_FUNCTION = YES;
				GCC_WARN_UNUSED_VARIABLE = YES;
				IPHONEOS_DEPLOYMENT_TARGET = 17.2;
				LOCALIZATION_PREFERS_STRING_CATALOGS = YES;
				MTL_ENABLE_DEBUG_INFO = NO;
				MTL_FAST_MATH = YES;
				SDKROOT = iphoneos;
				SWIFT_COMPILATION_MODE = wholemodule;
				VALIDATE_PRODUCT = YES;
			};
			name = Release;
		};
		FCB3FED32B7A9EB000E39BDF /* Debug */ = {
			isa = XCBuildConfiguration;
			buildSettings = {
				ASSETCATALOG_COMPILER_APPICON_NAME = AppIcon;
				ASSETCATALOG_COMPILER_GLOBAL_ACCENT_COLOR_NAME = AccentColor;
				CODE_SIGN_STYLE = Automatic;
				CURRENT_PROJECT_VERSION = 1;
				GENERATE_INFOPLIST_FILE = YES;
				INFOPLIST_FILE = navigatorDemo/Info.plist;
				INFOPLIST_KEY_UIApplicationSupportsIndirectInputEvents = YES;
				INFOPLIST_KEY_UILaunchStoryboardName = LaunchScreen;
				INFOPLIST_KEY_UIMainStoryboardFile = Main;
				INFOPLIST_KEY_UISupportedInterfaceOrientations_iPad = "UIInterfaceOrientationPortrait UIInterfaceOrientationPortraitUpsideDown UIInterfaceOrientationLandscapeLeft UIInterfaceOrientationLandscapeRight";
				INFOPLIST_KEY_UISupportedInterfaceOrientations_iPhone = "UIInterfaceOrientationPortrait UIInterfaceOrientationLandscapeLeft UIInterfaceOrientationLandscapeRight";
				LD_RUNPATH_SEARCH_PATHS = (
					"$(inherited)",
					"@executable_path/Frameworks",
				);
				MARKETING_VERSION = 1.0;
				PRODUCT_BUNDLE_IDENTIFIER = "com.example.--student-name--.navigatorDemo";
				PRODUCT_NAME = "$(TARGET_NAME)";
				SWIFT_EMIT_LOC_STRINGS = YES;
				SWIFT_VERSION = 5.0;
				TARGETED_DEVICE_FAMILY = "1,2";
			};
			name = Debug;
		};
		FCB3FED42B7A9EB000E39BDF /* Release */ = {
			isa = XCBuildConfiguration;
			buildSettings = {
				ASSETCATALOG_COMPILER_APPICON_NAME = AppIcon;
				ASSETCATALOG_COMPILER_GLOBAL_ACCENT_COLOR_NAME = AccentColor;
				CODE_SIGN_STYLE = Automatic;
				CURRENT_PROJECT_VERSION = 1;
				GENERATE_INFOPLIST_FILE = YES;
				INFOPLIST_FILE = navigatorDemo/Info.plist;
				INFOPLIST_KEY_UIApplicationSupportsIndirectInputEvents = YES;
				INFOPLIST_KEY_UILaunchStoryboardName = LaunchScreen;
				INFOPLIST_KEY_UIMainStoryboardFile = Main;
				INFOPLIST_KEY_UISupportedInterfaceOrientations_iPad = "UIInterfaceOrientationPortrait UIInterfaceOrientationPortraitUpsideDown UIInterfaceOrientationLandscapeLeft UIInterfaceOrientationLandscapeRight";
				INFOPLIST_KEY_UISupportedInterfaceOrientations_iPhone = "UIInterfaceOrientationPortrait UIInterfaceOrientationLandscapeLeft UIInterfaceOrientationLandscapeRight";
				LD_RUNPATH_SEARCH_PATHS = (
					"$(inherited)",
					"@executable_path/Frameworks",
				);
				MARKETING_VERSION = 1.0;
				PRODUCT_BUNDLE_IDENTIFIER = "com.example.--student-name--.navigatorDemo";
				PRODUCT_NAME = "$(TARGET_NAME)";
				SWIFT_EMIT_LOC_STRINGS = YES;
				SWIFT_VERSION = 5.0;
				TARGETED_DEVICE_FAMILY = "1,2";
			};
			name = Release;
		};
/* End XCBuildConfiguration section */

/* Begin XCConfigurationList section */
		FCB3FEB92B7A9EAE00E39BDF /* Build configuration list for PBXProject "navigatorDemo" */ = {
			isa = XCConfigurationList;
			buildConfigurations = (
				FCB3FED02B7A9EB000E39BDF /* Debug */,
				FCB3FED12B7A9EB000E39BDF /* Release */,
			);
			defaultConfigurationIsVisible = 0;
			defaultConfigurationName = Release;
		};
		FCB3FED22B7A9EB000E39BDF /* Build configuration list for PBXNativeTarget "navigatorDemo" */ = {
			isa = XCConfigurationList;
			buildConfigurations = (
				FCB3FED32B7A9EB000E39BDF /* Debug */,
				FCB3FED42B7A9EB000E39BDF /* Release */,
			);
			defaultConfigurationIsVisible = 0;
			defaultConfigurationName = Release;
		};
/* End XCConfigurationList section */
	};
	rootObject = FCB3FEB62B7A9EAD00E39BDF /* Project object */;
}
